
Microsoft Visual Studio Solution File, Format Version 12.00
# Visual Studio Version 17
VisualStudioVersion = 17.9.34622.214
MinimumVisualStudioVersion = 10.0.40219.1
Project("{9A19103F-16F7-4668-BE54-9A1E7A4F7556}") = "Revisao_Aula7_MVC", "Revisao_Aula7_MVC.csproj", "{9FBA0CFA-C449-413A-9A58-794F8D7C41D0}"
EndProject
Global
	GlobalSection(SolutionConfigurationPlatforms) = preSolution
		Debug|Any CPU = Debug|Any CPU
		Release|Any CPU = Release|Any CPU
	EndGlobalSection
	GlobalSection(ProjectConfigurationPlatforms) = postSolution
		{9FBA0CFA-C449-413A-9A58-794F8D7C41D0}.Debug|Any CPU.ActiveCfg = Debug|Any CPU
		{9FBA0CFA-C449-413A-9A58-794F8D7C41D0}.Debug|Any CPU.Build.0 = Debug|Any CPU
		{9FBA0CFA-C449-413A-9A58-794F8D7C41D0}.Release|Any CPU.ActiveCfg = Release|Any CPU
		{9FBA0CFA-C449-413A-9A58-794F8D7C41D0}.Release|Any CPU.Build.0 = Release|Any CPU
	EndGlobalSection
	GlobalSection(SolutionProperties) = preSolution
		HideSolutionNode = FALSE
	EndGlobalSection
	GlobalSection(ExtensibilityGlobals) = postSolution
		SolutionGuid = {E36D0A77-76BA-41FE-B8BE-608B60ED9D59}
	EndGlobalSection
EndGlobal
